// !$*UTF8*$!
{
	archiveVersion = 1;
	classes = {
	};
	objectVersion = 50;
	objects = {

/* Begin PBXBuildFile section */
		FDA87DDD219E37720037264D /* SHMIDIKit.framework in Frameworks */ = {isa = PBXBuildFile; fileRef = FDA87DD3219E37710037264D /* SHMIDIKit.framework */; };
		FDA87DE2219E37720037264D /* SHMIDIKitTests.swift in Sources */ = {isa = PBXBuildFile; fileRef = FDA87DE1219E37720037264D /* SHMIDIKitTests.swift */; };
		FDA87DE4219E37720037264D /* SHMIDIKit.h in Headers */ = {isa = PBXBuildFile; fileRef = FDA87DD6219E37710037264D /* SHMIDIKit.h */; settings = {ATTRIBUTES = (Public, ); }; };
		FDA87DEE219E379B0037264D /* MIDIHandler.swift in Sources */ = {isa = PBXBuildFile; fileRef = FDA87DED219E379B0037264D /* MIDIHandler.swift */; };
		FDA87DF3219E38690037264D /* Extensions.swift in Sources */ = {isa = PBXBuildFile; fileRef = FDA87DF2219E38690037264D /* Extensions.swift */; };
		FDA87E0C219E43D00037264D /* SHMIDIKit_iOS.framework in Frameworks */ = {isa = PBXBuildFile; fileRef = FDA87E03219E43D00037264D /* SHMIDIKit_iOS.framework */; };
		FDA87E11219E43D00037264D /* SHMIDIKit_iOSTests.swift in Sources */ = {isa = PBXBuildFile; fileRef = FDA87E10219E43D00037264D /* SHMIDIKit_iOSTests.swift */; };
		FDA87E13219E43D00037264D /* SHMIDIKit_iOS.h in Headers */ = {isa = PBXBuildFile; fileRef = FDA87E05219E43D00037264D /* SHMIDIKit_iOS.h */; settings = {ATTRIBUTES = (Public, ); }; };
		FDA87E5B219E44AD0037264D /* MIDIHandler.swift in Sources */ = {isa = PBXBuildFile; fileRef = FDA87DED219E379B0037264D /* MIDIHandler.swift */; };
		FDA87E5C219E44B00037264D /* Extensions.swift in Sources */ = {isa = PBXBuildFile; fileRef = FDA87DF2219E38690037264D /* Extensions.swift */; };
		FDA87E5D219E44B30037264D /* SHMIDIKit.h in Headers */ = {isa = PBXBuildFile; fileRef = FDA87DD6219E37710037264D /* SHMIDIKit.h */; };
/* End PBXBuildFile section */

/* Begin PBXContainerItemProxy section */
		FDA87DDE219E37720037264D /* PBXContainerItemProxy */ = {
			isa = PBXContainerItemProxy;
			containerPortal = FDA87DCA219E37710037264D /* Project object */;
			proxyType = 1;
			remoteGlobalIDString = FDA87DD2219E37710037264D;
			remoteInfo = SHMIDIKit;
		};
		FDA87E0D219E43D00037264D /* PBXContainerItemProxy */ = {
			isa = PBXContainerItemProxy;
			containerPortal = FDA87DCA219E37710037264D /* Project object */;
			proxyType = 1;
			remoteGlobalIDString = FDA87E02219E43D00037264D;
			remoteInfo = "SHMIDIKit-iOS";
		};
/* End PBXContainerItemProxy section */

/* Begin PBXFileReference section */
		FDA87DD3219E37710037264D /* SHMIDIKit.framework */ = {isa = PBXFileReference; explicitFileType = wrapper.framework; includeInIndex = 0; path = SHMIDIKit.framework; sourceTree = BUILT_PRODUCTS_DIR; };
		FDA87DD6219E37710037264D /* SHMIDIKit.h */ = {isa = PBXFileReference; lastKnownFileType = sourcecode.c.h; path = SHMIDIKit.h; sourceTree = "<group>"; };
		FDA87DD7219E37710037264D /* Info.plist */ = {isa = PBXFileReference; lastKnownFileType = text.plist.xml; path = Info.plist; sourceTree = "<group>"; };
		FDA87DDC219E37720037264D /* SHMIDIKitTests.xctest */ = {isa = PBXFileReference; explicitFileType = wrapper.cfbundle; includeInIndex = 0; path = SHMIDIKitTests.xctest; sourceTree = BUILT_PRODUCTS_DIR; };
		FDA87DE1219E37720037264D /* SHMIDIKitTests.swift */ = {isa = PBXFileReference; lastKnownFileType = sourcecode.swift; path = SHMIDIKitTests.swift; sourceTree = "<group>"; };
		FDA87DE3219E37720037264D /* Info.plist */ = {isa = PBXFileReference; lastKnownFileType = text.plist.xml; path = Info.plist; sourceTree = "<group>"; };
		FDA87DED219E379B0037264D /* MIDIHandler.swift */ = {isa = PBXFileReference; lastKnownFileType = sourcecode.swift; path = MIDIHandler.swift; sourceTree = "<group>"; };
		FDA87DF1219E380E0037264D /* midiControllerList.csv */ = {isa = PBXFileReference; lastKnownFileType = text; path = midiControllerList.csv; sourceTree = "<group>"; };
		FDA87DF2219E38690037264D /* Extensions.swift */ = {isa = PBXFileReference; lastKnownFileType = sourcecode.swift; path = Extensions.swift; sourceTree = "<group>"; };
		FDA87E03219E43D00037264D /* SHMIDIKit_iOS.framework */ = {isa = PBXFileReference; explicitFileType = wrapper.framework; includeInIndex = 0; path = SHMIDIKit_iOS.framework; sourceTree = BUILT_PRODUCTS_DIR; };
		FDA87E05219E43D00037264D /* SHMIDIKit_iOS.h */ = {isa = PBXFileReference; lastKnownFileType = sourcecode.c.h; path = SHMIDIKit_iOS.h; sourceTree = "<group>"; };
		FDA87E06219E43D00037264D /* Info.plist */ = {isa = PBXFileReference; lastKnownFileType = text.plist.xml; path = Info.plist; sourceTree = "<group>"; };
		FDA87E0B219E43D00037264D /* SHMIDIKit-iOSTests.xctest */ = {isa = PBXFileReference; explicitFileType = wrapper.cfbundle; includeInIndex = 0; path = "SHMIDIKit-iOSTests.xctest"; sourceTree = BUILT_PRODUCTS_DIR; };
		FDA87E10219E43D00037264D /* SHMIDIKit_iOSTests.swift */ = {isa = PBXFileReference; lastKnownFileType = sourcecode.swift; path = SHMIDIKit_iOSTests.swift; sourceTree = "<group>"; };
		FDA87E12219E43D00037264D /* Info.plist */ = {isa = PBXFileReference; lastKnownFileType = text.plist.xml; path = Info.plist; sourceTree = "<group>"; };
/* End PBXFileReference section */

/* Begin PBXFrameworksBuildPhase section */
		FDA87DD0219E37710037264D /* Frameworks */ = {
			isa = PBXFrameworksBuildPhase;
			buildActionMask = 2147483647;
			files = (
			);
			runOnlyForDeploymentPostprocessing = 0;
		};
		FDA87DD9219E37720037264D /* Frameworks */ = {
			isa = PBXFrameworksBuildPhase;
			buildActionMask = 2147483647;
			files = (
				FDA87DDD219E37720037264D /* SHMIDIKit.framework in Frameworks */,
			);
			runOnlyForDeploymentPostprocessing = 0;
		};
		FDA87E00219E43D00037264D /* Frameworks */ = {
			isa = PBXFrameworksBuildPhase;
			buildActionMask = 2147483647;
			files = (
			);
			runOnlyForDeploymentPostprocessing = 0;
		};
		FDA87E08219E43D00037264D /* Frameworks */ = {
			isa = PBXFrameworksBuildPhase;
			buildActionMask = 2147483647;
			files = (
				FDA87E0C219E43D00037264D /* SHMIDIKit_iOS.framework in Frameworks */,
			);
			runOnlyForDeploymentPostprocessing = 0;
		};
/* End PBXFrameworksBuildPhase section */

/* Begin PBXGroup section */
		FDA87DC9219E37710037264D = {
			isa = PBXGroup;
			children = (
				FDA87DD5219E37710037264D /* SHMIDIKit */,
				FDA87DE0219E37720037264D /* SHMIDIKitTests */,
				FDA87E04219E43D00037264D /* SHMIDIKit-iOS */,
				FDA87E0F219E43D00037264D /* SHMIDIKit-iOSTests */,
				FDA87DD4219E37710037264D /* Products */,
			);
			sourceTree = "<group>";
		};
		FDA87DD4219E37710037264D /* Products */ = {
			isa = PBXGroup;
			children = (
				FDA87DD3219E37710037264D /* SHMIDIKit.framework */,
				FDA87DDC219E37720037264D /* SHMIDIKitTests.xctest */,
				FDA87E03219E43D00037264D /* SHMIDIKit_iOS.framework */,
				FDA87E0B219E43D00037264D /* SHMIDIKit-iOSTests.xctest */,
			);
			name = Products;
			sourceTree = "<group>";
		};
		FDA87DD5219E37710037264D /* SHMIDIKit */ = {
			isa = PBXGroup;
			children = (
				FDA87DED219E379B0037264D /* MIDIHandler.swift */,
				FDA87DF2219E38690037264D /* Extensions.swift */,
				FDA87DD6219E37710037264D /* SHMIDIKit.h */,
				FDA87DD7219E37710037264D /* Info.plist */,
				FDA87DF1219E380E0037264D /* midiControllerList.csv */,
			);
			path = SHMIDIKit;
			sourceTree = "<group>";
		};
		FDA87DE0219E37720037264D /* SHMIDIKitTests */ = {
			isa = PBXGroup;
			children = (
				FDA87DE1219E37720037264D /* SHMIDIKitTests.swift */,
				FDA87DE3219E37720037264D /* Info.plist */,
			);
			path = SHMIDIKitTests;
			sourceTree = "<group>";
		};
		FDA87E04219E43D00037264D /* SHMIDIKit-iOS */ = {
			isa = PBXGroup;
			children = (
				FDA87E05219E43D00037264D /* SHMIDIKit_iOS.h */,
				FDA87E06219E43D00037264D /* Info.plist */,
			);
			path = "SHMIDIKit-iOS";
			sourceTree = "<group>";
		};
		FDA87E0F219E43D00037264D /* SHMIDIKit-iOSTests */ = {
			isa = PBXGroup;
			children = (
				FDA87E10219E43D00037264D /* SHMIDIKit_iOSTests.swift */,
				FDA87E12219E43D00037264D /* Info.plist */,
			);
			path = "SHMIDIKit-iOSTests";
			sourceTree = "<group>";
		};
/* End PBXGroup section */

/* Begin PBXHeadersBuildPhase section */
		FDA87DCE219E37710037264D /* Headers */ = {
			isa = PBXHeadersBuildPhase;
			buildActionMask = 2147483647;
			files = (
				FDA87DE4219E37720037264D /* SHMIDIKit.h in Headers */,
			);
			runOnlyForDeploymentPostprocessing = 0;
		};
		FDA87DFE219E43D00037264D /* Headers */ = {
			isa = PBXHeadersBuildPhase;
			buildActionMask = 2147483647;
			files = (
				FDA87E13219E43D00037264D /* SHMIDIKit_iOS.h in Headers */,
				FDA87E5D219E44B30037264D /* SHMIDIKit.h in Headers */,
			);
			runOnlyForDeploymentPostprocessing = 0;
		};
/* End PBXHeadersBuildPhase section */

/* Begin PBXNativeTarget section */
		FDA87DD2219E37710037264D /* SHMIDIKit */ = {
			isa = PBXNativeTarget;
			buildConfigurationList = FDA87DE7219E37720037264D /* Build configuration list for PBXNativeTarget "SHMIDIKit" */;
			buildPhases = (
				FDA87DCE219E37710037264D /* Headers */,
				FDA87DCF219E37710037264D /* Sources */,
				FDA87DD0219E37710037264D /* Frameworks */,
				FDA87DD1219E37710037264D /* Resources */,
			);
			buildRules = (
			);
			dependencies = (
			);
			name = SHMIDIKit;
			productName = SHMIDIKit;
			productReference = FDA87DD3219E37710037264D /* SHMIDIKit.framework */;
			productType = "com.apple.product-type.framework";
		};
		FDA87DDB219E37720037264D /* SHMIDIKitTests */ = {
			isa = PBXNativeTarget;
			buildConfigurationList = FDA87DEA219E37720037264D /* Build configuration list for PBXNativeTarget "SHMIDIKitTests" */;
			buildPhases = (
				FDA87DD8219E37720037264D /* Sources */,
				FDA87DD9219E37720037264D /* Frameworks */,
				FDA87DDA219E37720037264D /* Resources */,
			);
			buildRules = (
			);
			dependencies = (
				FDA87DDF219E37720037264D /* PBXTargetDependency */,
			);
			name = SHMIDIKitTests;
			productName = SHMIDIKitTests;
			productReference = FDA87DDC219E37720037264D /* SHMIDIKitTests.xctest */;
			productType = "com.apple.product-type.bundle.unit-test";
		};
		FDA87E02219E43D00037264D /* SHMIDIKit-iOS */ = {
			isa = PBXNativeTarget;
			buildConfigurationList = FDA87E14219E43D00037264D /* Build configuration list for PBXNativeTarget "SHMIDIKit-iOS" */;
			buildPhases = (
				FDA87DFE219E43D00037264D /* Headers */,
				FDA87DFF219E43D00037264D /* Sources */,
				FDA87E00219E43D00037264D /* Frameworks */,
				FDA87E01219E43D00037264D /* Resources */,
			);
			buildRules = (
			);
			dependencies = (
			);
			name = "SHMIDIKit-iOS";
			productName = "SHMIDIKit-iOS";
			productReference = FDA87E03219E43D00037264D /* SHMIDIKit_iOS.framework */;
			productType = "com.apple.product-type.framework";
		};
		FDA87E0A219E43D00037264D /* SHMIDIKit-iOSTests */ = {
			isa = PBXNativeTarget;
			buildConfigurationList = FDA87E17219E43D00037264D /* Build configuration list for PBXNativeTarget "SHMIDIKit-iOSTests" */;
			buildPhases = (
				FDA87E07219E43D00037264D /* Sources */,
				FDA87E08219E43D00037264D /* Frameworks */,
				FDA87E09219E43D00037264D /* Resources */,
			);
			buildRules = (
			);
			dependencies = (
				FDA87E0E219E43D00037264D /* PBXTargetDependency */,
			);
			name = "SHMIDIKit-iOSTests";
			productName = "SHMIDIKit-iOSTests";
			productReference = FDA87E0B219E43D00037264D /* SHMIDIKit-iOSTests.xctest */;
			productType = "com.apple.product-type.bundle.unit-test";
		};
/* End PBXNativeTarget section */

/* Begin PBXProject section */
		FDA87DCA219E37710037264D /* Project object */ = {
			isa = PBXProject;
			attributes = {
				LastSwiftUpdateCheck = 1010;
				LastUpgradeCheck = 1010;
				ORGANIZATIONNAME = WangRex;
				TargetAttributes = {
					FDA87DD2219E37710037264D = {
						CreatedOnToolsVersion = 10.1;
					};
					FDA87DDB219E37720037264D = {
						CreatedOnToolsVersion = 10.1;
					};
					FDA87E02219E43D00037264D = {
						CreatedOnToolsVersion = 10.1;
					};
					FDA87E0A219E43D00037264D = {
						CreatedOnToolsVersion = 10.1;
					};
				};
			};
			buildConfigurationList = FDA87DCD219E37710037264D /* Build configuration list for PBXProject "SHMIDIKit" */;
			compatibilityVersion = "Xcode 9.3";
			developmentRegion = en;
			hasScannedForEncodings = 0;
			knownRegions = (
				en,
			);
			mainGroup = FDA87DC9219E37710037264D;
			productRefGroup = FDA87DD4219E37710037264D /* Products */;
			projectDirPath = "";
			projectRoot = "";
			targets = (
				FDA87DD2219E37710037264D /* SHMIDIKit */,
				FDA87DDB219E37720037264D /* SHMIDIKitTests */,
				FDA87E02219E43D00037264D /* SHMIDIKit-iOS */,
				FDA87E0A219E43D00037264D /* SHMIDIKit-iOSTests */,
			);
		};
/* End PBXProject section */

/* Begin PBXResourcesBuildPhase section */
		FDA87DD1219E37710037264D /* Resources */ = {
			isa = PBXResourcesBuildPhase;
			buildActionMask = 2147483647;
			files = (
			);
			runOnlyForDeploymentPostprocessing = 0;
		};
		FDA87DDA219E37720037264D /* Resources */ = {
			isa = PBXResourcesBuildPhase;
			buildActionMask = 2147483647;
			files = (
			);
			runOnlyForDeploymentPostprocessing = 0;
		};
		FDA87E01219E43D00037264D /* Resources */ = {
			isa = PBXResourcesBuildPhase;
			buildActionMask = 2147483647;
			files = (
			);
			runOnlyForDeploymentPostprocessing = 0;
		};
		FDA87E09219E43D00037264D /* Resources */ = {
			isa = PBXResourcesBuildPhase;
			buildActionMask = 2147483647;
			files = (
			);
			runOnlyForDeploymentPostprocessing = 0;
		};
/* End PBXResourcesBuildPhase section */

/* Begin PBXSourcesBuildPhase section */
		FDA87DCF219E37710037264D /* Sources */ = {
			isa = PBXSourcesBuildPhase;
			buildActionMask = 2147483647;
			files = (
				FDA87DF3219E38690037264D /* Extensions.swift in Sources */,
				FDA87DEE219E379B0037264D /* MIDIHandler.swift in Sources */,
			);
			runOnlyForDeploymentPostprocessing = 0;
		};
		FDA87DD8219E37720037264D /* Sources */ = {
			isa = PBXSourcesBuildPhase;
			buildActionMask = 2147483647;
			files = (
				FDA87DE2219E37720037264D /* SHMIDIKitTests.swift in Sources */,
			);
			runOnlyForDeploymentPostprocessing = 0;
		};
		FDA87DFF219E43D00037264D /* Sources */ = {
			isa = PBXSourcesBuildPhase;
			buildActionMask = 2147483647;
			files = (
				FDA87E5B219E44AD0037264D /* MIDIHandler.swift in Sources */,
				FDA87E5C219E44B00037264D /* Extensions.swift in Sources */,
			);
			runOnlyForDeploymentPostprocessing = 0;
		};
		FDA87E07219E43D00037264D /* Sources */ = {
			isa = PBXSourcesBuildPhase;
			buildActionMask = 2147483647;
			files = (
				FDA87E11219E43D00037264D /* SHMIDIKit_iOSTests.swift in Sources */,
			);
			runOnlyForDeploymentPostprocessing = 0;
		};
/* End PBXSourcesBuildPhase section */

/* Begin PBXTargetDependency section */
		FDA87DDF219E37720037264D /* PBXTargetDependency */ = {
			isa = PBXTargetDependency;
			target = FDA87DD2219E37710037264D /* SHMIDIKit */;
			targetProxy = FDA87DDE219E37720037264D /* PBXContainerItemProxy */;
		};
		FDA87E0E219E43D00037264D /* PBXTargetDependency */ = {
			isa = PBXTargetDependency;
			target = FDA87E02219E43D00037264D /* SHMIDIKit-iOS */;
			targetProxy = FDA87E0D219E43D00037264D /* PBXContainerItemProxy */;
		};
/* End PBXTargetDependency section */

/* Begin XCBuildConfiguration section */
		FDA87DE5219E37720037264D /* Debug */ = {
			isa = XCBuildConfiguration;
			buildSettings = {
				ALWAYS_SEARCH_USER_PATHS = NO;
				CLANG_ANALYZER_NONNULL = YES;
				CLANG_ANALYZER_NUMBER_OBJECT_CONVERSION = YES_AGGRESSIVE;
				CLANG_CXX_LANGUAGE_STANDARD = "gnu++14";
				CLANG_CXX_LIBRARY = "libc++";
				CLANG_ENABLE_MODULES = YES;
				CLANG_ENABLE_OBJC_ARC = YES;
				CLANG_ENABLE_OBJC_WEAK = YES;
				CLANG_WARN_BLOCK_CAPTURE_AUTORELEASING = YES;
				CLANG_WARN_BOOL_CONVERSION = YES;
				CLANG_WARN_COMMA = YES;
				CLANG_WARN_CONSTANT_CONVERSION = YES;
				CLANG_WARN_DEPRECATED_OBJC_IMPLEMENTATIONS = YES;
				CLANG_WARN_DIRECT_OBJC_ISA_USAGE = YES_ERROR;
				CLANG_WARN_DOCUMENTATION_COMMENTS = YES;
				CLANG_WARN_EMPTY_BODY = YES;
				CLANG_WARN_ENUM_CONVERSION = YES;
				CLANG_WARN_INFINITE_RECURSION = YES;
				CLANG_WARN_INT_CONVERSION = YES;
				CLANG_WARN_NON_LITERAL_NULL_CONVERSION = YES;
				CLANG_WARN_OBJC_IMPLICIT_RETAIN_SELF = YES;
				CLANG_WARN_OBJC_LITERAL_CONVERSION = YES;
				CLANG_WARN_OBJC_ROOT_CLASS = YES_ERROR;
				CLANG_WARN_RANGE_LOOP_ANALYSIS = YES;
				CLANG_WARN_STRICT_PROTOTYPES = YES;
				CLANG_WARN_SUSPICIOUS_MOVE = YES;
				CLANG_WARN_UNGUARDED_AVAILABILITY = YES_AGGRESSIVE;
				CLANG_WARN_UNREACHABLE_CODE = YES;
				CLANG_WARN__DUPLICATE_METHOD_MATCH = YES;
				CODE_SIGN_IDENTITY = "Mac Developer";
				COPY_PHASE_STRIP = NO;
				CURRENT_PROJECT_VERSION = 1;
				DEBUG_INFORMATION_FORMAT = dwarf;
				ENABLE_STRICT_OBJC_MSGSEND = YES;
				ENABLE_TESTABILITY = YES;
				GCC_C_LANGUAGE_STANDARD = gnu11;
				GCC_DYNAMIC_NO_PIC = NO;
				GCC_NO_COMMON_BLOCKS = YES;
				GCC_OPTIMIZATION_LEVEL = 0;
				GCC_PREPROCESSOR_DEFINITIONS = (
					"DEBUG=1",
					"$(inherited)",
				);
				GCC_WARN_64_TO_32_BIT_CONVERSION = YES;
				GCC_WARN_ABOUT_RETURN_TYPE = YES_ERROR;
				GCC_WARN_UNDECLARED_SELECTOR = YES;
				GCC_WARN_UNINITIALIZED_AUTOS = YES_AGGRESSIVE;
				GCC_WARN_UNUSED_FUNCTION = YES;
				GCC_WARN_UNUSED_VARIABLE = YES;
				MACOSX_DEPLOYMENT_TARGET = 10.14;
				MTL_ENABLE_DEBUG_INFO = INCLUDE_SOURCE;
				MTL_FAST_MATH = YES;
				ONLY_ACTIVE_ARCH = YES;
				SDKROOT = macosx;
				SWIFT_ACTIVE_COMPILATION_CONDITIONS = DEBUG;
				SWIFT_OPTIMIZATION_LEVEL = "-Onone";
				VERSIONING_SYSTEM = "apple-generic";
				VERSION_INFO_PREFIX = "";
			};
			name = Debug;
		};
		FDA87DE6219E37720037264D /* Release */ = {
			isa = XCBuildConfiguration;
			buildSettings = {
				ALWAYS_SEARCH_USER_PATHS = NO;
				CLANG_ANALYZER_NONNULL = YES;
				CLANG_ANALYZER_NUMBER_OBJECT_CONVERSION = YES_AGGRESSIVE;
				CLANG_CXX_LANGUAGE_STANDARD = "gnu++14";
				CLANG_CXX_LIBRARY = "libc++";
				CLANG_ENABLE_MODULES = YES;
				CLANG_ENABLE_OBJC_ARC = YES;
				CLANG_ENABLE_OBJC_WEAK = YES;
				CLANG_WARN_BLOCK_CAPTURE_AUTORELEASING = YES;
				CLANG_WARN_BOOL_CONVERSION = YES;
				CLANG_WARN_COMMA = YES;
				CLANG_WARN_CONSTANT_CONVERSION = YES;
				CLANG_WARN_DEPRECATED_OBJC_IMPLEMENTATIONS = YES;
				CLANG_WARN_DIRECT_OBJC_ISA_USAGE = YES_ERROR;
				CLANG_WARN_DOCUMENTATION_COMMENTS = YES;
				CLANG_WARN_EMPTY_BODY = YES;
				CLANG_WARN_ENUM_CONVERSION = YES;
				CLANG_WARN_INFINITE_RECURSION = YES;
				CLANG_WARN_INT_CONVERSION = YES;
				CLANG_WARN_NON_LITERAL_NULL_CONVERSION = YES;
				CLANG_WARN_OBJC_IMPLICIT_RETAIN_SELF = YES;
				CLANG_WARN_OBJC_LITERAL_CONVERSION = YES;
				CLANG_WARN_OBJC_ROOT_CLASS = YES_ERROR;
				CLANG_WARN_RANGE_LOOP_ANALYSIS = YES;
				CLANG_WARN_STRICT_PROTOTYPES = YES;
				CLANG_WARN_SUSPICIOUS_MOVE = YES;
				CLANG_WARN_UNGUARDED_AVAILABILITY = YES_AGGRESSIVE;
				CLANG_WARN_UNREACHABLE_CODE = YES;
				CLANG_WARN__DUPLICATE_METHOD_MATCH = YES;
				CODE_SIGN_IDENTITY = "Mac Developer";
				COPY_PHASE_STRIP = NO;
				CURRENT_PROJECT_VERSION = 1;
				DEBUG_INFORMATION_FORMAT = "dwarf-with-dsym";
				ENABLE_NS_ASSERTIONS = NO;
				ENABLE_STRICT_OBJC_MSGSEND = YES;
				GCC_C_LANGUAGE_STANDARD = gnu11;
				GCC_NO_COMMON_BLOCKS = YES;
				GCC_WARN_64_TO_32_BIT_CONVERSION = YES;
				GCC_WARN_ABOUT_RETURN_TYPE = YES_ERROR;
				GCC_WARN_UNDECLARED_SELECTOR = YES;
				GCC_WARN_UNINITIALIZED_AUTOS = YES_AGGRESSIVE;
				GCC_WARN_UNUSED_FUNCTION = YES;
				GCC_WARN_UNUSED_VARIABLE = YES;
				MACOSX_DEPLOYMENT_TARGET = 10.14;
				MTL_ENABLE_DEBUG_INFO = NO;
				MTL_FAST_MATH = YES;
				SDKROOT = macosx;
				SWIFT_COMPILATION_MODE = wholemodule;
				SWIFT_OPTIMIZATION_LEVEL = "-O";
				VERSIONING_SYSTEM = "apple-generic";
				VERSION_INFO_PREFIX = "";
			};
			name = Release;
		};
		FDA87DE8219E37720037264D /* Debug */ = {
			isa = XCBuildConfiguration;
			buildSettings = {
				CODE_SIGN_IDENTITY = "";
				CODE_SIGN_STYLE = Automatic;
				COMBINE_HIDPI_IMAGES = YES;
				DEFINES_MODULE = YES;
				DEVELOPMENT_TEAM = 8U45AH5629;
				DYLIB_COMPATIBILITY_VERSION = 1;
				DYLIB_CURRENT_VERSION = 1;
				DYLIB_INSTALL_NAME_BASE = "@rpath";
				FRAMEWORK_VERSION = A;
				INFOPLIST_FILE = SHMIDIKit/Info.plist;
				INSTALL_PATH = "$(LOCAL_LIBRARY_DIR)/Frameworks";
				LD_RUNPATH_SEARCH_PATHS = (
					"$(inherited)",
					"@executable_path/../Frameworks",
					"@loader_path/Frameworks",
				);
				MACOSX_DEPLOYMENT_TARGET = 10.9;
				PRODUCT_BUNDLE_IDENTIFIER = "Sonic-Hits-CO.SHMIDIKit";
				PRODUCT_NAME = "$(TARGET_NAME:c99extidentifier)";
				SKIP_INSTALL = YES;
				SWIFT_VERSION = 4.2;
			};
			name = Debug;
		};
		FDA87DE9219E37720037264D /* Release */ = {
			isa = XCBuildConfiguration;
			buildSettings = {
				CODE_SIGN_IDENTITY = "";
				CODE_SIGN_STYLE = Automatic;
				COMBINE_HIDPI_IMAGES = YES;
				DEFINES_MODULE = YES;
				DEVELOPMENT_TEAM = 8U45AH5629;
				DYLIB_COMPATIBILITY_VERSION = 1;
				DYLIB_CURRENT_VERSION = 1;
				DYLIB_INSTALL_NAME_BASE = "@rpath";
				FRAMEWORK_VERSION = A;
				INFOPLIST_FILE = SHMIDIKit/Info.plist;
				INSTALL_PATH = "$(LOCAL_LIBRARY_DIR)/Frameworks";
				LD_RUNPATH_SEARCH_PATHS = (
					"$(inherited)",
					"@executable_path/../Frameworks",
					"@loader_path/Frameworks",
				);
				MACOSX_DEPLOYMENT_TARGET = 10.9;
				PRODUCT_BUNDLE_IDENTIFIER = "Sonic-Hits-CO.SHMIDIKit";
				PRODUCT_NAME = "$(TARGET_NAME:c99extidentifier)";
				SKIP_INSTALL = YES;
				SWIFT_VERSION = 4.2;
			};
			name = Release;
		};
		FDA87DEB219E37720037264D /* Debug */ = {
			isa = XCBuildConfiguration;
			buildSettings = {
				ALWAYS_EMBED_SWIFT_STANDARD_LIBRARIES = YES;
				CODE_SIGN_STYLE = Automatic;
				COMBINE_HIDPI_IMAGES = YES;
				DEVELOPMENT_TEAM = 8U45AH5629;
				INFOPLIST_FILE = SHMIDIKitTests/Info.plist;
				LD_RUNPATH_SEARCH_PATHS = (
					"$(inherited)",
					"@executable_path/../Frameworks",
					"@loader_path/../Frameworks",
				);
				PRODUCT_BUNDLE_IDENTIFIER = "Sonic-Hits-CO.SHMIDIKitTests";
				PRODUCT_NAME = "$(TARGET_NAME)";
				SWIFT_VERSION = 4.2;
			};
			name = Debug;
		};
		FDA87DEC219E37720037264D /* Release */ = {
			isa = XCBuildConfiguration;
			buildSettings = {
				ALWAYS_EMBED_SWIFT_STANDARD_LIBRARIES = YES;
				CODE_SIGN_STYLE = Automatic;
				COMBINE_HIDPI_IMAGES = YES;
				DEVELOPMENT_TEAM = 8U45AH5629;
				INFOPLIST_FILE = SHMIDIKitTests/Info.plist;
				LD_RUNPATH_SEARCH_PATHS = (
					"$(inherited)",
					"@executable_path/../Frameworks",
					"@loader_path/../Frameworks",
				);
				PRODUCT_BUNDLE_IDENTIFIER = "Sonic-Hits-CO.SHMIDIKitTests";
				PRODUCT_NAME = "$(TARGET_NAME)";
				SWIFT_VERSION = 4.2;
			};
			name = Release;
		};
		FDA87E15219E43D00037264D /* Debug */ = {
			isa = XCBuildConfiguration;
			buildSettings = {
				CODE_SIGN_IDENTITY = "iPhone Developer";
				CODE_SIGN_STYLE = Automatic;
				DEFINES_MODULE = YES;
				DEVELOPMENT_TEAM = 8U45AH5629;
				DYLIB_COMPATIBILITY_VERSION = 1;
				DYLIB_CURRENT_VERSION = 1;
				DYLIB_INSTALL_NAME_BASE = "@rpath";
				INFOPLIST_FILE = "SHMIDIKit-iOS/Info.plist";
				INSTALL_PATH = "$(LOCAL_LIBRARY_DIR)/Frameworks";
				IPHONEOS_DEPLOYMENT_TARGET = 10.3;
				LD_RUNPATH_SEARCH_PATHS = (
					"$(inherited)",
					"@executable_path/Frameworks",
					"@loader_path/Frameworks",
				);
				PRODUCT_BUNDLE_IDENTIFIER = "Sonic-Hits-CO.SHMIDIKit-iOS";
				PRODUCT_NAME = "$(TARGET_NAME:c99extidentifier)";
				SDKROOT = iphoneos;
				SKIP_INSTALL = YES;
				SWIFT_VERSION = 4.2;
				TARGETED_DEVICE_FAMILY = "1,2";
			};
			name = Debug;
		};
		FDA87E16219E43D00037264D /* Release */ = {
			isa = XCBuildConfiguration;
			buildSettings = {
				CODE_SIGN_IDENTITY = "iPhone Developer";
				CODE_SIGN_STYLE = Automatic;
				DEFINES_MODULE = YES;
				DEVELOPMENT_TEAM = 8U45AH5629;
				DYLIB_COMPATIBILITY_VERSION = 1;
				DYLIB_CURRENT_VERSION = 1;
				DYLIB_INSTALL_NAME_BASE = "@rpath";
				INFOPLIST_FILE = "SHMIDIKit-iOS/Info.plist";
				INSTALL_PATH = "$(LOCAL_LIBRARY_DIR)/Frameworks";
				IPHONEOS_DEPLOYMENT_TARGET = 10.3;
				LD_RUNPATH_SEARCH_PATHS = (
					"$(inherited)",
					"@executable_path/Frameworks",
					"@loader_path/Frameworks",
				);
				PRODUCT_BUNDLE_IDENTIFIER = "Sonic-Hits-CO.SHMIDIKit-iOS";
				PRODUCT_NAME = "$(TARGET_NAME:c99extidentifier)";
				SDKROOT = iphoneos;
				SKIP_INSTALL = YES;
				SWIFT_VERSION = 4.2;
				TARGETED_DEVICE_FAMILY = "1,2";
				VALIDATE_PRODUCT = YES;
			};
			name = Release;
		};
		FDA87E18219E43D00037264D /* Debug */ = {
			isa = XCBuildConfiguration;
			buildSettings = {
				ALWAYS_EMBED_SWIFT_STANDARD_LIBRARIES = YES;
				CODE_SIGN_IDENTITY = "iPhone Developer";
				CODE_SIGN_STYLE = Automatic;
				DEVELOPMENT_TEAM = 8U45AH5629;
				INFOPLIST_FILE = "SHMIDIKit-iOSTests/Info.plist";
				IPHONEOS_DEPLOYMENT_TARGET = 12.1;
				LD_RUNPATH_SEARCH_PATHS = (
					"$(inherited)",
					"@executable_path/Frameworks",
					"@loader_path/Frameworks",
				);
				PRODUCT_BUNDLE_IDENTIFIER = "Sonic-Hits-CO.SHMIDIKit-iOSTests";
				PRODUCT_NAME = "$(TARGET_NAME)";
				SDKROOT = iphoneos;
				SWIFT_VERSION = 4.2;
				TARGETED_DEVICE_FAMILY = "1,2";
			};
			name = Debug;
		};
		FDA87E19219E43D00037264D /* Release */ = {
			isa = XCBuildConfiguration;
			buildSettings = {
				ALWAYS_EMBED_SWIFT_STANDARD_LIBRARIES = YES;
				CODE_SIGN_IDENTITY = "iPhone Developer";
				CODE_SIGN_STYLE = Automatic;
				DEVELOPMENT_TEAM = 8U45AH5629;
				INFOPLIST_FILE = "SHMIDIKit-iOSTests/Info.plist";
				IPHONEOS_DEPLOYMENT_TARGET = 12.1;
				LD_RUNPATH_SEARCH_PATHS = (
					"$(inherited)",
					"@executable_path/Frameworks",
					"@loader_path/Frameworks",
				);
				PRODUCT_BUNDLE_IDENTIFIER = "Sonic-Hits-CO.SHMIDIKit-iOSTests";
				PRODUCT_NAME = "$(TARGET_NAME)";
				SDKROOT = iphoneos;
				SWIFT_VERSION = 4.2;
				TARGETED_DEVICE_FAMILY = "1,2";
				VALIDATE_PRODUCT = YES;
			};
			name = Release;
		};
/* End XCBuildConfiguration section */

/* Begin XCConfigurationList section */
		FDA87DCD219E37710037264D /* Build configuration list for PBXProject "SHMIDIKit" */ = {
			isa = XCConfigurationList;
			buildConfigurations = (
				FDA87DE5219E37720037264D /* Debug */,
				FDA87DE6219E37720037264D /* Release */,
			);
			defaultConfigurationIsVisible = 0;
			defaultConfigurationName = Release;
		};
		FDA87DE7219E37720037264D /* Build configuration list for PBXNativeTarget "SHMIDIKit" */ = {
			isa = XCConfigurationList;
			buildConfigurations = (
				FDA87DE8219E37720037264D /* Debug */,
				FDA87DE9219E37720037264D /* Release */,
			);
			defaultConfigurationIsVisible = 0;
			defaultConfigurationName = Release;
		};
		FDA87DEA219E37720037264D /* Build configuration list for PBXNativeTarget "SHMIDIKitTests" */ = {
			isa = XCConfigurationList;
			buildConfigurations = (
				FDA87DEB219E37720037264D /* Debug */,
				FDA87DEC219E37720037264D /* Release */,
			);
			defaultConfigurationIsVisible = 0;
			defaultConfigurationName = Release;
		};
		FDA87E14219E43D00037264D /* Build configuration list for PBXNativeTarget "SHMIDIKit-iOS" */ = {
			isa = XCConfigurationList;
			buildConfigurations = (
				FDA87E15219E43D00037264D /* Debug */,
				FDA87E16219E43D00037264D /* Release */,
			);
			defaultConfigurationIsVisible = 0;
			defaultConfigurationName = Release;
		};
		FDA87E17219E43D00037264D /* Build configuration list for PBXNativeTarget "SHMIDIKit-iOSTests" */ = {
			isa = XCConfigurationList;
			buildConfigurations = (
				FDA87E18219E43D00037264D /* Debug */,
				FDA87E19219E43D00037264D /* Release */,
			);
			defaultConfigurationIsVisible = 0;
			defaultConfigurationName = Release;
		};
/* End XCConfigurationList section */
	};
	rootObject = FDA87DCA219E37710037264D /* Project object */;
}
